<?xml version="1.0" encoding="utf-8"?>
<Project ToolsVersion="4.0" xmlns="http://schemas.microsoft.com/developer/msbuild/2003">
  <ItemGroup>
    <Filter Include="Исходные файлы">
      <UniqueIdentifier>{4FC737F1-C7A5-4376-A066-2A32D752A2FF}</UniqueIdentifier>
      <Extensions>cpp;c;cc;cxx;c++;cppm;ixx;def;odl;idl;hpj;bat;asm;asmx</Extensions>
    </Filter>
    <Filter Include="Файлы заголовков">
      <UniqueIdentifier>{93995380-89BD-4b04-88EB-625FBE52EBFB}</UniqueIdentifier>
      <Extensions>h;hh;hpp;hxx;h++;hm;inl;inc;ipp;xsd</Extensions>
    </Filter>
    <Filter Include="Файлы ресурсов">
      <UniqueIdentifier>{67DA6AB6-F800-4c08-8B7A-83BB121AAD01}</UniqueIdentifier>
      <Extensions>rc;ico;cur;bmp;dlg;rc2;rct;bin;rgs;gif;jpg;jpeg;jpe;resx;tiff;tif;png;wav;mfcribbon-ms</Extensions>
    </Filter>
    <Filter Include="Исходные файлы\DecoratorMessage">
      <UniqueIdentifier>{0e8566b2-073a-4ce2-87ac-14fddd32a7c6}</UniqueIdentifier>
    </Filter>
    <Filter Include="Файлы заголовков\DecoratorMessage">
      <UniqueIdentifier>{0219b776-8592-4d3c-86b8-d6b59dea7578}</UniqueIdentifier>
    </Filter>
    <Filter Include="Файлы заголовков\ExtendedControllerSource">
      <UniqueIdentifier>{d0c4a989-de94-4ee3-a79d-b6c0a970d41e}</UniqueIdentifier>
    </Filter>
    <Filter Include="Исходные файлы\ExtendedControllerSource">
      <UniqueIdentifier>{83e7311c-f15a-4982-bdc6-82ca32f380b4}</UniqueIdentifier>
    </Filter>
    <Filter Include="Файлы заголовков\Event">
      <UniqueIdentifier>{4040d80e-a531-4ee5-9aa7-0ebc97e31649}</UniqueIdentifier>
    </Filter>
    <Filter Include="Файлы заголовков\EventFactory">
      <UniqueIdentifier>{4fb90340-7901-439c-b128-7d235f57986e}</UniqueIdentifier>
    </Filter>
    <Filter Include="Файлы заголовков\Command">
      <UniqueIdentifier>{87174fc3-d6ae-4210-97ce-7c2422dd3817}</UniqueIdentifier>
    </Filter>
    <Filter Include="Файлы заголовков\PrintLogs">
      <UniqueIdentifier>{3821f9fc-13df-4525-a7be-08d87afb0760}</UniqueIdentifier>
    </Filter>
    <Filter Include="Исходные файлы\Event">
      <UniqueIdentifier>{5283ac49-e4e8-4670-b6d5-c0b11f0f1c54}</UniqueIdentifier>
    </Filter>
    <Filter Include="Исходные файлы\EventFactory">
      <UniqueIdentifier>{dc363306-c6fd-478a-9c90-bdc280169333}</UniqueIdentifier>
    </Filter>
    <Filter Include="Исходные файлы\PrintLogs">
      <UniqueIdentifier>{9b154e15-ab8d-4329-864c-46f69d95e9a2}</UniqueIdentifier>
    </Filter>
    <Filter Include="Исходные файлы\Command">
      <UniqueIdentifier>{6b1ba098-5289-4179-90ab-a2e331f0d77a}</UniqueIdentifier>
    </Filter>
  </ItemGroup>
  <ItemGroup>
    <ClCompile Include="Main.cpp">
      <Filter>Исходные файлы</Filter>
    </ClCompile>
    <ClCompile Include="Start.cpp">
      <Filter>Исходные файлы</Filter>
    </ClCompile>
    <ClCompile Include="Field.cpp">
      <Filter>Исходные файлы</Filter>
    </ClCompile>
    <ClCompile Include="Player.cpp">
      <Filter>Исходные файлы</Filter>
    </ClCompile>
    <ClCompile Include="FieldGenerators.cpp">
      <Filter>Исходные файлы</Filter>
    </ClCompile>
    <ClCompile Include="InputOutput.cpp">
      <Filter>Исходные файлы</Filter>
    </ClCompile>
    <ClCompile Include="ReadCommand.cpp">
      <Filter>Исходные файлы</Filter>
    </ClCompile>
    <ClCompile Include="Enemy.cpp">
      <Filter>Исходные файлы</Filter>
    </ClCompile>
    <ClCompile Include="Kick.cpp">
      <Filter>Исходные файлы</Filter>
    </ClCompile>
    <ClCompile Include="Frames.cpp">
      <Filter>Исходные файлы</Filter>
    </ClCompile>
    <ClCompile Include="Cell.cpp">
      <Filter>Исходные файлы</Filter>
    </ClCompile>
    <ClCompile Include="Singleton.cpp">
      <Filter>Исходные файлы</Filter>
    </ClCompile>
    <ClCompile Include="DecoratorMessage.cpp">
      <Filter>Исходные файлы\DecoratorMessage</Filter>
    </ClCompile>
    <ClCompile Include="Component.cpp">
      <Filter>Исходные файлы\DecoratorMessage</Filter>
    </ClCompile>
    <ClCompile Include="WithoutLevel1_Component.cpp">
      <Filter>Исходные файлы\DecoratorMessage</Filter>
    </ClCompile>
    <ClCompile Include="WithoutLevel2_Component.cpp">
      <Filter>Исходные файлы\DecoratorMessage</Filter>
    </ClCompile>
    <ClCompile Include="WithoutLevel3_Component.cpp">
      <Filter>Исходные файлы\DecoratorMessage</Filter>
    </ClCompile>
    <ClCompile Include="DecoratorLevel1.cpp">
      <Filter>Исходные файлы\DecoratorMessage</Filter>
    </ClCompile>
    <ClCompile Include="DecoratorLevel2.cpp">
      <Filter>Исходные файлы\DecoratorMessage</Filter>
    </ClCompile>
    <ClCompile Include="DecoratorLevel3.cpp">
      <Filter>Исходные файлы\DecoratorMessage</Filter>
    </ClCompile>
    <ClCompile Include="ExtendedControllerFile.cpp">
      <Filter>Исходные файлы\ExtendedControllerSource</Filter>
    </ClCompile>
    <ClCompile Include="ExtendedControllerSource.cpp">
      <Filter>Исходные файлы\ExtendedControllerSource</Filter>
    </ClCompile>
    <ClCompile Include="Event.cpp">
      <Filter>Исходные файлы\Event</Filter>
    </ClCompile>
    <ClCompile Include="EnemyAttack.cpp">
      <Filter>Исходные файлы\Event</Filter>
    </ClCompile>
    <ClCompile Include="EnemyDie.cpp">
      <Filter>Исходные файлы\Event</Filter>
    </ClCompile>
    <ClCompile Include="EnemyEvent.cpp">
      <Filter>Исходные файлы\Event</Filter>
    </ClCompile>
    <ClCompile Include="GetAmmoPlayer.cpp">
      <Filter>Исходные файлы\Event</Filter>
    </ClCompile>
    <ClCompile Include="GetHealthPlayer.cpp">
      <Filter>Исходные файлы\Event</Filter>
    </ClCompile>
    <ClCompile Include="GetScorePlayer.cpp">
      <Filter>Исходные файлы\Event</Filter>
    </ClCompile>
    <ClCompile Include="LooseAmmoPlayer.cpp">
      <Filter>Исходные файлы\Event</Filter>
    </ClCompile>
    <ClCompile Include="LooseHealthEnemy.cpp">
      <Filter>Исходные файлы\Event</Filter>
    </ClCompile>
    <ClCompile Include="LooseHealthPlayer.cpp">
      <Filter>Исходные файлы\Event</Filter>
    </ClCompile>
    <ClCompile Include="EnemyEventFactory.cpp">
      <Filter>Исходные файлы\EventFactory</Filter>
    </ClCompile>
    <ClCompile Include="EventFactory.cpp">
      <Filter>Исходные файлы\EventFactory</Filter>
    </ClCompile>
    <ClCompile Include="PlayerDie.cpp">
      <Filter>Исходные файлы\Event</Filter>
    </ClCompile>
    <ClCompile Include="PlayerEvent.cpp">
      <Filter>Исходные файлы\Event</Filter>
    </ClCompile>
    <ClCompile Include="PlayerEventFactory.cpp">
      <Filter>Исходные файлы\EventFactory</Filter>
    </ClCompile>
    <ClCompile Include="PrintLogs.cpp">
      <Filter>Исходные файлы\PrintLogs</Filter>
    </ClCompile>
    <ClCompile Include="PrintLogsConsole.cpp">
      <Filter>Исходные файлы\PrintLogs</Filter>
    </ClCompile>
    <ClCompile Include="PrintLogsFile.cpp">
      <Filter>Исходные файлы\PrintLogs</Filter>
    </ClCompile>
    <ClCompile Include="Command.cpp">
      <Filter>Исходные файлы\Command</Filter>
    </ClCompile>
    <ClCompile Include="MoveDown.cpp">
      <Filter>Исходные файлы\Command</Filter>
    </ClCompile>
    <ClCompile Include="MoveLeft.cpp">
      <Filter>Исходные файлы\Command</Filter>
    </ClCompile>
    <ClCompile Include="MoveRight.cpp">
      <Filter>Исходные файлы\Command</Filter>
    </ClCompile>
    <ClCompile Include="MoveUp.cpp">
      <Filter>Исходные файлы\Command</Filter>
    </ClCompile>
  </ItemGroup>
  <ItemGroup>
    <ClInclude Include="Start.h">
      <Filter>Файлы заголовков</Filter>
    </ClInclude>
    <ClInclude Include="InputOutput.h">
      <Filter>Файлы заголовков</Filter>
    </ClInclude>
    <ClInclude Include="Cell.h">
      <Filter>Файлы заголовков</Filter>
    </ClInclude>
    <ClInclude Include="Field.h">
      <Filter>Файлы заголовков</Filter>
    </ClInclude>
    <ClInclude Include="Player.h">
      <Filter>Файлы заголовков</Filter>
    </ClInclude>
    <ClInclude Include="FieldGenerators.h">
      <Filter>Файлы заголовков</Filter>
    </ClInclude>
    <ClInclude Include="ReadCommand.h">
      <Filter>Файлы заголовков</Filter>
    </ClInclude>
    <ClInclude Include="Enemy.h">
      <Filter>Файлы заголовков</Filter>
    </ClInclude>
    <ClInclude Include="Kick.h">
      <Filter>Файлы заголовков</Filter>
    </ClInclude>
    <ClInclude Include="Frames.h">
      <Filter>Файлы заголовков</Filter>
    </ClInclude>
    <ClInclude Include="Singleton.h">
      <Filter>Файлы заголовков</Filter>
    </ClInclude>
    <ClInclude Include="Message.h">
      <Filter>Файлы заголовков</Filter>
    </ClInclude>
    <ClInclude Include="DecoratorMessage.h">
      <Filter>Файлы заголовков\DecoratorMessage</Filter>
    </ClInclude>
    <ClInclude Include="Component.h">
      <Filter>Файлы заголовков\DecoratorMessage</Filter>
    </ClInclude>
    <ClInclude Include="WithoutLevel1_Component.h">
      <Filter>Файлы заголовков\DecoratorMessage</Filter>
    </ClInclude>
    <ClInclude Include="WithoutLevel2_Component.h">
      <Filter>Файлы заголовков\DecoratorMessage</Filter>
    </ClInclude>
    <ClInclude Include="WithoutLevel3_Component.h">
      <Filter>Файлы заголовков\DecoratorMessage</Filter>
    </ClInclude>
    <ClInclude Include="DecoratorLevel1.h">
      <Filter>Файлы заголовков\DecoratorMessage</Filter>
    </ClInclude>
    <ClInclude Include="DecoratorLevel2.h">
      <Filter>Файлы заголовков\DecoratorMessage</Filter>
    </ClInclude>
    <ClInclude Include="DecoratorLevel3.h">
      <Filter>Файлы заголовков\DecoratorMessage</Filter>
    </ClInclude>
    <ClInclude Include="ExtendedControllerFile.h">
      <Filter>Файлы заголовков\ExtendedControllerSource</Filter>
    </ClInclude>
    <ClInclude Include="ExtendedControllerSource.h">
      <Filter>Файлы заголовков\ExtendedControllerSource</Filter>
    </ClInclude>
    <ClInclude Include="Event.h">
      <Filter>Файлы заголовков\Event</Filter>
    </ClInclude>
    <ClInclude Include="EnemyAttack.h">
      <Filter>Файлы заголовков\Event</Filter>
    </ClInclude>
    <ClInclude Include="EnemyDie.h">
      <Filter>Файлы заголовков\Event</Filter>
    </ClInclude>
    <ClInclude Include="EnemyEvent.h">
      <Filter>Файлы заголовков\Event</Filter>
    </ClInclude>
    <ClInclude Include="GetAmmoPlayer.h">
      <Filter>Файлы заголовков\Event</Filter>
    </ClInclude>
    <ClInclude Include="GetHealthPlayer.h">
      <Filter>Файлы заголовков\Event</Filter>
    </ClInclude>
    <ClInclude Include="GetScorePlayer.h">
      <Filter>Файлы заголовков\Event</Filter>
    </ClInclude>
    <ClInclude Include="LooseAmmoPlayer.h">
      <Filter>Файлы заголовков\Event</Filter>
    </ClInclude>
    <ClInclude Include="LooseHealthEnemy.h">
      <Filter>Файлы заголовков\Event</Filter>
    </ClInclude>
    <ClInclude Include="LooseHealthPlayer.h">
      <Filter>Файлы заголовков\Event</Filter>
    </ClInclude>
    <ClInclude Include="PlayerDie.h">
      <Filter>Файлы заголовков\Event</Filter>
    </ClInclude>
    <ClInclude Include="PlayerEvent.h">
      <Filter>Файлы заголовков\Event</Filter>
    </ClInclude>
    <ClInclude Include="EventFactory.h">
      <Filter>Файлы заголовков\EventFactory</Filter>
    </ClInclude>
    <ClInclude Include="EnemyEventFactory.h">
      <Filter>Файлы заголовков\EventFactory</Filter>
    </ClInclude>
    <ClInclude Include="PlayerEventFactory.h">
      <Filter>Файлы заголовков\EventFactory</Filter>
    </ClInclude>
    <ClInclude Include="Command.h">
      <Filter>Файлы заголовков\Command</Filter>
    </ClInclude>
    <ClInclude Include="MoveDown.h">
      <Filter>Файлы заголовков\Command</Filter>
    </ClInclude>
    <ClInclude Include="MoveLeft.h">
      <Filter>Файлы заголовков\Command</Filter>
    </ClInclude>
    <ClInclude Include="MoveRight.h">
      <Filter>Файлы заголовков\Command</Filter>
    </ClInclude>
    <ClInclude Include="MoveUp.h">
      <Filter>Файлы заголовков\Command</Filter>
    </ClInclude>
    <ClInclude Include="PrintLogs.h">
      <Filter>Файлы заголовков\PrintLogs</Filter>
    </ClInclude>
    <ClInclude Include="PrintLogsConsole.h">
      <Filter>Файлы заголовков\PrintLogs</Filter>
    </ClInclude>
    <ClInclude Include="PrintLogsFile.h">
      <Filter>Файлы заголовков\PrintLogs</Filter>
    </ClInclude>
  </ItemGroup>
</Project>